
Microsoft Visual Studio Solution File, Format Version 12.00
# Visual Studio Version 17
VisualStudioVersion = 17.9.34622.214
MinimumVisualStudioVersion = 10.0.40219.1
Project("{FAE04EC0-301F-11D3-BF4B-00C04F79EFBC}") = "LoggingOrnek", "LoggingOrnek\LoggingOrnek.csproj", "{89E2AC14-D6E3-4279-B272-687445AB24DE}"
EndProject
Global
	GlobalSection(SolutionConfigurationPlatforms) = preSolution
		Debug|Any CPU = Debug|Any CPU
		Release|Any CPU = Release|Any CPU
	EndGlobalSection
	GlobalSection(ProjectConfigurationPlatforms) = postSolution
		{89E2AC14-D6E3-4279-B272-687445AB24DE}.Debug|Any CPU.ActiveCfg = Debug|Any CPU
		{89E2AC14-D6E3-4279-B272-687445AB24DE}.Debug|Any CPU.Build.0 = Debug|Any CPU
		{89E2AC14-D6E3-4279-B272-687445AB24DE}.Release|Any CPU.ActiveCfg = Release|Any CPU
		{89E2AC14-D6E3-4279-B272-687445AB24DE}.Release|Any CPU.Build.0 = Release|Any CPU
	EndGlobalSection
	GlobalSection(SolutionProperties) = preSolution
		HideSolutionNode = FALSE
	EndGlobalSection
	GlobalSection(ExtensibilityGlobals) = postSolution
		SolutionGuid = {DC1FCB2F-E07E-4099-8DE8-72449B9B097A}
	EndGlobalSection
EndGlobal
